
Microsoft Visual Studio Solution File, Format Version 12.00
# Visual Studio Express 2013 for Windows Desktop
VisualStudioVersion = 12.0.30501.0
MinimumVisualStudioVersion = 10.0.40219.1
Project("{FAE04EC0-301F-11D3-BF4B-00C04F79EFBC}") = "HelloWpf", "HelloWpf\HelloWpf.csproj", "{BB630166-D62D-4B03-ABC5-26833ECE6798}"
EndProject
Project("{FAE04EC0-301F-11D3-BF4B-00C04F79EFBC}") = "ExpenseIt", "ExpenseIt\ExpenseIt.csproj", "{323C201D-8D83-45F5-8686-9038912F9756}"
EndProject
Project("{FAE04EC0-301F-11D3-BF4B-00C04F79EFBC}") = "BusyIndicator2", "BusyIndicator2\BusyIndicator2.csproj", "{F5C22E51-CDC1-4176-B383-4FC8E65460EA}"
EndProject
Project("{FAE04EC0-301F-11D3-BF4B-00C04F79EFBC}") = "HelloMvvm", "HelloMvvm\HelloMvvm.csproj", "{F95B0474-646E-4A7C-A963-C2BD32154E50}"
EndProject
Project("{FAE04EC0-301F-11D3-BF4B-00C04F79EFBC}") = "xamlSpinnersWPF", "xamlSpinnersWPF\xamlSpinnersWPF.csproj", "{8C768879-D553-4B16-A7C8-905C7614732F}"
EndProject
Global
	GlobalSection(SolutionConfigurationPlatforms) = preSolution
		Debug|Any CPU = Debug|Any CPU
		Release|Any CPU = Release|Any CPU
	EndGlobalSection
	GlobalSection(ProjectConfigurationPlatforms) = postSolution
		{BB630166-D62D-4B03-ABC5-26833ECE6798}.Debug|Any CPU.ActiveCfg = Debug|Any CPU
		{BB630166-D62D-4B03-ABC5-26833ECE6798}.Debug|Any CPU.Build.0 = Debug|Any CPU
		{BB630166-D62D-4B03-ABC5-26833ECE6798}.Release|Any CPU.ActiveCfg = Release|Any CPU
		{BB630166-D62D-4B03-ABC5-26833ECE6798}.Release|Any CPU.Build.0 = Release|Any CPU
		{323C201D-8D83-45F5-8686-9038912F9756}.Debug|Any CPU.ActiveCfg = Debug|Any CPU
		{323C201D-8D83-45F5-8686-9038912F9756}.Debug|Any CPU.Build.0 = Debug|Any CPU
		{323C201D-8D83-45F5-8686-9038912F9756}.Release|Any CPU.ActiveCfg = Release|Any CPU
		{323C201D-8D83-45F5-8686-9038912F9756}.Release|Any CPU.Build.0 = Release|Any CPU
		{F5C22E51-CDC1-4176-B383-4FC8E65460EA}.Debug|Any CPU.ActiveCfg = Debug|Any CPU
		{F5C22E51-CDC1-4176-B383-4FC8E65460EA}.Debug|Any CPU.Build.0 = Debug|Any CPU
		{F5C22E51-CDC1-4176-B383-4FC8E65460EA}.Release|Any CPU.ActiveCfg = Release|Any CPU
		{F5C22E51-CDC1-4176-B383-4FC8E65460EA}.Release|Any CPU.Build.0 = Release|Any CPU
		{F95B0474-646E-4A7C-A963-C2BD32154E50}.Debug|Any CPU.ActiveCfg = Debug|Any CPU
		{F95B0474-646E-4A7C-A963-C2BD32154E50}.Debug|Any CPU.Build.0 = Debug|Any CPU
		{F95B0474-646E-4A7C-A963-C2BD32154E50}.Release|Any CPU.ActiveCfg = Release|Any CPU
		{F95B0474-646E-4A7C-A963-C2BD32154E50}.Release|Any CPU.Build.0 = Release|Any CPU
		{8C768879-D553-4B16-A7C8-905C7614732F}.Debug|Any CPU.ActiveCfg = Debug|Any CPU
		{8C768879-D553-4B16-A7C8-905C7614732F}.Debug|Any CPU.Build.0 = Debug|Any CPU
		{8C768879-D553-4B16-A7C8-905C7614732F}.Release|Any CPU.ActiveCfg = Release|Any CPU
		{8C768879-D553-4B16-A7C8-905C7614732F}.Release|Any CPU.Build.0 = Release|Any CPU
	EndGlobalSection
	GlobalSection(SolutionProperties) = preSolution
		HideSolutionNode = FALSE
	EndGlobalSection
EndGlobal
